
Microsoft Visual Studio Solution File, Format Version 12.00
# Visual Studio Version 17
VisualStudioVersion = 17.9.34723.18
MinimumVisualStudioVersion = 10.0.40219.1
Project("{FAE04EC0-301F-11D3-BF4B-00C04F79EFBC}") = "CURA-Healthcare-Test", "CURA-Healthcare-Test\CURA-Healthcare-Test.csproj", "{15F6E01C-450D-4240-A07D-06FA88FB646E}"
EndProject
Global
	GlobalSection(SolutionConfigurationPlatforms) = preSolution
		Debug|Any CPU = Debug|Any CPU
		Release|Any CPU = Release|Any CPU
	EndGlobalSection
	GlobalSection(ProjectConfigurationPlatforms) = postSolution
		{15F6E01C-450D-4240-A07D-06FA88FB646E}.Debug|Any CPU.ActiveCfg = Debug|Any CPU
		{15F6E01C-450D-4240-A07D-06FA88FB646E}.Debug|Any CPU.Build.0 = Debug|Any CPU
		{15F6E01C-450D-4240-A07D-06FA88FB646E}.Release|Any CPU.ActiveCfg = Release|Any CPU
		{15F6E01C-450D-4240-A07D-06FA88FB646E}.Release|Any CPU.Build.0 = Release|Any CPU
	EndGlobalSection
	GlobalSection(SolutionProperties) = preSolution
		HideSolutionNode = FALSE
	EndGlobalSection
	GlobalSection(ExtensibilityGlobals) = postSolution
		SolutionGuid = {D0CFFE53-62EC-4617-90FE-DA6F70A9447C}
	EndGlobalSection
EndGlobal
